
Microsoft Visual Studio Solution File, Format Version 12.00
# Visual Studio Version 17
VisualStudioVersion = 17.9.34728.123
MinimumVisualStudioVersion = 10.0.40219.1
Project("{9A19103F-16F7-4668-BE54-9A1E7A4F7556}") = "OpenBanking", "OpenBanking\OpenBanking.csproj", "{9CD3FFDB-DEE4-4BDF-8CAA-3C76F4B3C7DB}"
EndProject
Project("{2150E333-8FDC-42A3-9474-1A3956D46DE8}") = "Service", "Service", "{3ED81EFF-D30F-444D-9DAD-72D32DF22416}"
EndProject
Project("{9A19103F-16F7-4668-BE54-9A1E7A4F7556}") = "Account.API", "Account.API\Account.API.csproj", "{F7A8EB60-4E14-454F-B845-B7E04C8F7918}"
EndProject
Project("{2150E333-8FDC-42A3-9474-1A3956D46DE8}") = "Account", "Account", "{87761862-9C3F-4747-ABE0-A13138485294}"
EndProject
Project("{2150E333-8FDC-42A3-9474-1A3956D46DE8}") = "Branch", "Branch", "{399313C7-51C7-428D-A917-B9F4E9A804E0}"
EndProject
Project("{9A19103F-16F7-4668-BE54-9A1E7A4F7556}") = "Branch.API", "Branch.API\Branch.API.csproj", "{A2C56D60-DEC3-4632-930D-5A8B01BBB80F}"
EndProject
Project("{2150E333-8FDC-42A3-9474-1A3956D46DE8}") = "ATM", "ATM", "{CEF82CDF-10C1-4364-ACE9-0CB230C26FAE}"
EndProject
Project("{9A19103F-16F7-4668-BE54-9A1E7A4F7556}") = "ATM.API", "ATM.API\ATM.API.csproj", "{E89A65AD-C7E0-4C93-81BF-9DB02948283A}"
EndProject
Project("{2150E333-8FDC-42A3-9474-1A3956D46DE8}") = "Solution Items", "Solution Items", "{629C085F-A5DB-4F5D-A6F6-1D9EC86AEE34}"
	ProjectSection(SolutionItems) = preProject
		.editorconfig = .editorconfig
	EndProjectSection
EndProject
Project("{2150E333-8FDC-42A3-9474-1A3956D46DE8}") = "Transaction", "Transaction", "{7CF8025D-F910-440A-BF4A-499EEFCCD62F}"
EndProject
Project("{FAE04EC0-301F-11D3-BF4B-00C04F79EFBC}") = "Transaction.API", "Transaction.API\Transaction.API.csproj", "{9C0C68B8-4029-4670-819E-5E9ADFF7039F}"
EndProject
Global
	GlobalSection(SolutionConfigurationPlatforms) = preSolution
		Debug|Any CPU = Debug|Any CPU
		Release|Any CPU = Release|Any CPU
	EndGlobalSection
	GlobalSection(ProjectConfigurationPlatforms) = postSolution
		{9CD3FFDB-DEE4-4BDF-8CAA-3C76F4B3C7DB}.Debug|Any CPU.ActiveCfg = Debug|Any CPU
		{9CD3FFDB-DEE4-4BDF-8CAA-3C76F4B3C7DB}.Release|Any CPU.ActiveCfg = Release|Any CPU
		{9CD3FFDB-DEE4-4BDF-8CAA-3C76F4B3C7DB}.Release|Any CPU.Build.0 = Release|Any CPU
		{F7A8EB60-4E14-454F-B845-B7E04C8F7918}.Debug|Any CPU.ActiveCfg = Debug|Any CPU
		{F7A8EB60-4E14-454F-B845-B7E04C8F7918}.Debug|Any CPU.Build.0 = Debug|Any CPU
		{F7A8EB60-4E14-454F-B845-B7E04C8F7918}.Release|Any CPU.ActiveCfg = Release|Any CPU
		{F7A8EB60-4E14-454F-B845-B7E04C8F7918}.Release|Any CPU.Build.0 = Release|Any CPU
		{A2C56D60-DEC3-4632-930D-5A8B01BBB80F}.Debug|Any CPU.ActiveCfg = Debug|Any CPU
		{A2C56D60-DEC3-4632-930D-5A8B01BBB80F}.Debug|Any CPU.Build.0 = Debug|Any CPU
		{A2C56D60-DEC3-4632-930D-5A8B01BBB80F}.Release|Any CPU.ActiveCfg = Release|Any CPU
		{A2C56D60-DEC3-4632-930D-5A8B01BBB80F}.Release|Any CPU.Build.0 = Release|Any CPU
		{E89A65AD-C7E0-4C93-81BF-9DB02948283A}.Debug|Any CPU.ActiveCfg = Debug|Any CPU
		{E89A65AD-C7E0-4C93-81BF-9DB02948283A}.Debug|Any CPU.Build.0 = Debug|Any CPU
		{E89A65AD-C7E0-4C93-81BF-9DB02948283A}.Release|Any CPU.ActiveCfg = Release|Any CPU
		{E89A65AD-C7E0-4C93-81BF-9DB02948283A}.Release|Any CPU.Build.0 = Release|Any CPU
		{9C0C68B8-4029-4670-819E-5E9ADFF7039F}.Debug|Any CPU.ActiveCfg = Debug|Any CPU
		{9C0C68B8-4029-4670-819E-5E9ADFF7039F}.Debug|Any CPU.Build.0 = Debug|Any CPU
		{9C0C68B8-4029-4670-819E-5E9ADFF7039F}.Release|Any CPU.ActiveCfg = Release|Any CPU
		{9C0C68B8-4029-4670-819E-5E9ADFF7039F}.Release|Any CPU.Build.0 = Release|Any CPU
	EndGlobalSection
	GlobalSection(SolutionProperties) = preSolution
		HideSolutionNode = FALSE
	EndGlobalSection
	GlobalSection(NestedProjects) = preSolution
		{F7A8EB60-4E14-454F-B845-B7E04C8F7918} = {87761862-9C3F-4747-ABE0-A13138485294}
		{87761862-9C3F-4747-ABE0-A13138485294} = {3ED81EFF-D30F-444D-9DAD-72D32DF22416}
		{399313C7-51C7-428D-A917-B9F4E9A804E0} = {3ED81EFF-D30F-444D-9DAD-72D32DF22416}
		{A2C56D60-DEC3-4632-930D-5A8B01BBB80F} = {399313C7-51C7-428D-A917-B9F4E9A804E0}
		{CEF82CDF-10C1-4364-ACE9-0CB230C26FAE} = {3ED81EFF-D30F-444D-9DAD-72D32DF22416}
		{E89A65AD-C7E0-4C93-81BF-9DB02948283A} = {CEF82CDF-10C1-4364-ACE9-0CB230C26FAE}
		{7CF8025D-F910-440A-BF4A-499EEFCCD62F} = {3ED81EFF-D30F-444D-9DAD-72D32DF22416}
		{9C0C68B8-4029-4670-819E-5E9ADFF7039F} = {7CF8025D-F910-440A-BF4A-499EEFCCD62F}
	EndGlobalSection
	GlobalSection(ExtensibilityGlobals) = postSolution
		SolutionGuid = {67F4C5FD-B907-4A8B-9E8E-1E3CAE3EDF0D}
	EndGlobalSection
EndGlobal
